
Microsoft Visual Studio Solution File, Format Version 12.00
# Visual Studio Version 16
VisualStudioVersion = 16.0.29009.5
MinimumVisualStudioVersion = 10.0.40219.1
Project("{FAE04EC0-301F-11D3-BF4B-00C04F79EFBC}") = "ProcessScheduling", "ProcessScheduling\ProcessScheduling.csproj", "{4674013C-01E3-41A1-8D9B-A40C544F3FEA}"
EndProject
Global
	GlobalSection(SolutionConfigurationPlatforms) = preSolution
		Debug|Any CPU = Debug|Any CPU
		Release|Any CPU = Release|Any CPU
	EndGlobalSection
	GlobalSection(ProjectConfigurationPlatforms) = postSolution
		{4674013C-01E3-41A1-8D9B-A40C544F3FEA}.Debug|Any CPU.ActiveCfg = Debug|Any CPU
		{4674013C-01E3-41A1-8D9B-A40C544F3FEA}.Debug|Any CPU.Build.0 = Debug|Any CPU
		{4674013C-01E3-41A1-8D9B-A40C544F3FEA}.Release|Any CPU.ActiveCfg = Release|Any CPU
		{4674013C-01E3-41A1-8D9B-A40C544F3FEA}.Release|Any CPU.Build.0 = Release|Any CPU
	EndGlobalSection
	GlobalSection(SolutionProperties) = preSolution
		HideSolutionNode = FALSE
	EndGlobalSection
	GlobalSection(ExtensibilityGlobals) = postSolution
		SolutionGuid = {36A437EB-FE70-415A-8EC7-0727AB4C1E4B}
	EndGlobalSection
EndGlobal
